
Microsoft Visual Studio Solution File, Format Version 12.00
# Visual Studio Version 16
VisualStudioVersion = 16.0.30907.101
MinimumVisualStudioVersion = 10.0.40219.1
Project("{FAE04EC0-301F-11D3-BF4B-00C04F79EFBC}") = "helloworld", "helloworld\helloworld.csproj", "{22DE347B-E0ED-42D8-A1EC-09EBB65813ED}"
EndProject
Global
	GlobalSection(SolutionConfigurationPlatforms) = preSolution
		Debug|Any CPU = Debug|Any CPU
		Release|Any CPU = Release|Any CPU
	EndGlobalSection
	GlobalSection(ProjectConfigurationPlatforms) = postSolution
		{22DE347B-E0ED-42D8-A1EC-09EBB65813ED}.Debug|Any CPU.ActiveCfg = Debug|Any CPU
		{22DE347B-E0ED-42D8-A1EC-09EBB65813ED}.Debug|Any CPU.Build.0 = Debug|Any CPU
		{22DE347B-E0ED-42D8-A1EC-09EBB65813ED}.Release|Any CPU.ActiveCfg = Release|Any CPU
		{22DE347B-E0ED-42D8-A1EC-09EBB65813ED}.Release|Any CPU.Build.0 = Release|Any CPU
	EndGlobalSection
	GlobalSection(SolutionProperties) = preSolution
		HideSolutionNode = FALSE
	EndGlobalSection
	GlobalSection(ExtensibilityGlobals) = postSolution
		SolutionGuid = {548979A9-C1A7-45B9-BC31-E8AACD5B87B7}
	EndGlobalSection
EndGlobal
